
Microsoft Visual Studio Solution File, Format Version 12.00
# Visual Studio Version 16
VisualStudioVersion = 16.0.30907.101
MinimumVisualStudioVersion = 10.0.40219.1
Project("{FAE04EC0-301F-11D3-BF4B-00C04F79EFBC}") = "Example.ConsoleApp", "Example.ConsoleApp\Example.ConsoleApp.csproj", "{91E99459-429F-4921-A08A-BA0F4E13EE1D}"
EndProject
Global
	GlobalSection(SolutionConfigurationPlatforms) = preSolution
		Debug|Any CPU = Debug|Any CPU
		Release|Any CPU = Release|Any CPU
	EndGlobalSection
	GlobalSection(ProjectConfigurationPlatforms) = postSolution
		{91E99459-429F-4921-A08A-BA0F4E13EE1D}.Debug|Any CPU.ActiveCfg = Debug|Any CPU
		{91E99459-429F-4921-A08A-BA0F4E13EE1D}.Debug|Any CPU.Build.0 = Debug|Any CPU
		{91E99459-429F-4921-A08A-BA0F4E13EE1D}.Release|Any CPU.ActiveCfg = Release|Any CPU
		{91E99459-429F-4921-A08A-BA0F4E13EE1D}.Release|Any CPU.Build.0 = Release|Any CPU
	EndGlobalSection
	GlobalSection(SolutionProperties) = preSolution
		HideSolutionNode = FALSE
	EndGlobalSection
	GlobalSection(ExtensibilityGlobals) = postSolution
		SolutionGuid = {C0FFAB72-5DD6-4906-A313-D3C82B2B2C5A}
	EndGlobalSection
EndGlobal
